<?xml version="1.0" encoding="utf-8"?>
<Project ToolsVersion="4.0" xmlns="http://schemas.microsoft.com/developer/msbuild/2003">
  <ItemGroup>
    <ClCompile Include="src\Vue\MenuPrincipal.cpp" />
    <ClCompile Include="src\Vue\NouvellePartie.cpp" />
    <ClCompile Include="src\Vue\RejoindrePartie.cpp" />
    <ClCompile Include="src\Vue\VueCombat.h" />
    <ClCompile Include="src\main.cpp" />
    <ClCompile Include="src\Vue\Jauge.cpp" />
    <ClCompile Include="src\Modele\Unite.cpp" />
    <ClCompile Include="src\Modele\Tank.cpp" />
    <ClCompile Include="src\Modele\Archer.cpp" />
    <ClCompile Include="src\Modele\Soldat.cpp" />
    <ClCompile Include="src\Vue\InterfaceUnite.cpp" />
  </ItemGroup>
  <ItemGroup>
    <ClInclude Include="src\Vue\Curseur.h" />
    <ClInclude Include="src\Vue\GameState.h" />
    <ClInclude Include="src\Vue\InfoPersonnageUI.h" />
    <ClInclude Include="src\Vue\MenuPrincipal.h" />
    <ClInclude Include="src\Vue\NouvellePartie.h" />
    <ClInclude Include="src\Vue\RejoindrePartie.h" />
    <ClInclude Include="src\Modele\Vecteur2.h" />
    <ClInclude Include="src\Modele\Unite.h" />
    <ClInclude Include="src\Vue\Unite.h" />
    <ClInclude Include="src\Vue\Jauge.h" />
    <ClInclude Include="src\Modele\Tank.h" />
    <ClInclude Include="src\Modele\Archer.h" />
    <ClInclude Include="src\Modele\Soldat.h" />
    <ClInclude Include="src\Vue\InterfaceUnite.h" />
    <ClInclude Include="src\Controleur\Navigation.h" />
  </ItemGroup>
</Project>