<?xml version="1.0" encoding="utf-8"?>
<Project ToolsVersion="4.0" xmlns="http://schemas.microsoft.com/developer/msbuild/2003">
  <ItemGroup>
    <ClCompile Include="src\main.cpp" />
    <ClCompile Include="src\Controleur\Navigation.cpp" />
    <ClCompile Include="src\Modele\Unite.cpp" />
    <ClCompile Include="src\Modele\Tank.cpp" />
    <ClCompile Include="src\Modele\Archer.cpp" />
    <ClCompile Include="src\Modele\Soldat.cpp" />
    <ClCompile Include="src\Vue\Outils\Jauge.cpp" />
    <ClCompile Include="src\Vue\Outils\MenuChoix.cpp" />
    <ClCompile Include="src\Vue\Combat\InterfaceUnite.cpp" />
    <ClCompile Include="src\Vue\GameStates\MenuPrincipal.cpp" />
    <ClCompile Include="src\Vue\GameStates\NouvellePartie.cpp" />
    <ClCompile Include="src\Vue\GameStates\RejoindrePartie.cpp" />
    <ClCompile Include="src\Vue\GameStates\Combat.cpp" />
    <ClCompile Include="src\Modele\Case.cpp" />
    <ClCompile Include="src\Modele\Grille.cpp" />
    <ClCompile Include="src\Vue\Combat\GrilleGUI.cpp" />
  </ItemGroup>
  <ItemGroup>
    <ClInclude Include="src\Modele\Unite.h" />
    <ClInclude Include="src\Modele\Tank.h" />
    <ClInclude Include="src\Modele\Archer.h" />
    <ClInclude Include="src\Modele\Soldat.h" />
    <ClInclude Include="src\Controleur\Navigation.h" />
    <ClInclude Include="src\Vue\Outils\Animation.h" />
    <ClInclude Include="src\Vue\Outils\MenuChoix.h" />
    <ClInclude Include="src\Vue\Outils\Jauge.h" />
    <ClInclude Include="src\Vue\Combat\Curseur.h" />
    <ClInclude Include="src\Vue\Combat\InfoPersonnageUI.h" />
    <ClInclude Include="src\Vue\Combat\InterfaceUnite.h" />
    <ClInclude Include="src\Vue\Combat\Unite.h" />
    <ClInclude Include="src\Vue\GameStates\MenuPrincipal.h" />
    <ClInclude Include="src\Vue\GameStates\NouvellePartie.h" />
    <ClInclude Include="src\Vue\GameStates\RejoindrePartie.h" />
    <ClInclude Include="src\Modele\Case.h" />
    <ClInclude Include="src\Vue\Outils\Node.h" />
    <ClInclude Include="src\Modele\Outils\Vecteur2.h" />
    <ClInclude Include="src\Modele\Outils\enum.h" />
    <ClInclude Include="src\Vue\GameStates\Combat.h" />
    <ClInclude Include="src\Vue\Outils\GameState.h" />
    <ClInclude Include="src\Modele\Grille.h" />
    <ClInclude Include="src\Vue\Combat\GrilleGUI.h" />
  </ItemGroup>
  <ItemGroup>
    <Image Include="..\..\Xoushangbeleg sprite\Carte.bmp" />
  </ItemGroup>
</Project>