<?xml version="1.0" encoding="utf-8"?>
<Project ToolsVersion="4.0" xmlns="http://schemas.microsoft.com/developer/msbuild/2003">
  <ItemGroup>
    <ClCompile Include="src\main.cpp" />
    <ClCompile Include="src\Controleur\Navigation.cpp" />
    <ClCompile Include="src\Vue\Outils\Jauge.cpp" />
    <ClCompile Include="src\Modele\Case.cpp" />
    <ClCompile Include="src\Modele\Grille.cpp" />
    <ClCompile Include="src\Controleur\GameStates\Grille.cpp" />
    <ClCompile Include="src\Vue\GameStates\MenuChoix.cpp" />
    <ClCompile Include="src\Controleur\GameStates\MenuChoix.cpp" />
    <ClCompile Include="src\Modele\Unite\Archer.cpp" />
    <ClCompile Include="src\Modele\Unite\Soldat.cpp" />
    <ClCompile Include="src\Modele\Unite\Tank.cpp" />
    <ClCompile Include="src\Modele\Unite\Unite.cpp" />
    <ClCompile Include="src\Vue\Composants\Grille\FiltreCase.cpp" />
    <ClCompile Include="src\Vue\Composants\Grille\InterfaceUnite.cpp" />
    <ClCompile Include="src\Vue\Composants\Grille\Unite.cpp" />
    <ClCompile Include="src\Vue\GameStates\Grille.cpp" />
    <ClCompile Include="src\Controleur\GameStates\MenuCombat\MenuAction.cpp" />
    <ClCompile Include="src\Controleur\GameStates\PlacementUnite.cpp" />
    <ClCompile Include="src\Vue\GameStates\PlacementUnite.cpp" />
    <ClCompile Include="src\Controleur\DonneeServeur.cpp" />
    <ClCompile Include="src\Controleur\GameStates\Menu\MenuPrincipal.cpp" />
    <ClCompile Include="src\Controleur\GameStates\Menu\NouvellePartie.cpp" />
    <ClCompile Include="src\Vue\GameStates\Menu\MenuPrincipal.cpp" />
    <ClCompile Include="src\Vue\GameStates\Menu\NouvellePartie.cpp" />
    <ClCompile Include="src\Vue\GameStates\Menu\RejoindrePartie.cpp" />
    <ClCompile Include="src\Controleur\GameStates\Menu\RejoindrePartie.cpp" />
    <ClCompile Include="src\Vue\GameStates\MenuChoixFond.cpp" />
    <ClCompile Include="src\Controleur\Reseaux.cpp" />
    <ClCompile Include="src\Vue\Outils\Animation.cpp" />
  </ItemGroup>
  <ItemGroup>
    <ClInclude Include="src\Controleur\Navigation.h" />
    <ClInclude Include="src\Vue\Outils\Animation.h" />
    <ClInclude Include="src\Vue\Outils\Jauge.h" />
    <ClInclude Include="src\Modele\Case.h" />
    <ClInclude Include="src\Vue\Outils\Node.h" />
    <ClInclude Include="src\Modele\Outils\Vecteur2.h" />
    <ClInclude Include="src\Modele\Outils\enum.h" />
    <ClInclude Include="src\Modele\Grille.h" />
    <ClInclude Include="src\Controleur\GameStates\GameState.h" />
    <ClInclude Include="src\Controleur\GameStates\Grille.h" />
    <ClInclude Include="src\Vue\GameStates\GameState.h" />
    <ClInclude Include="src\Vue\Constante.h" />
    <ClInclude Include="src\Vue\GameStates\MenuChoix.h" />
    <ClInclude Include="src\Controleur\GameStates\MenuChoix.h" />
    <ClInclude Include="src\Modele\Unite\Archer.h" />
    <ClInclude Include="src\Modele\Unite\Soldat.h" />
    <ClInclude Include="src\Modele\Unite\Tank.h" />
    <ClInclude Include="src\Modele\Unite\Unite.h" />
    <ClInclude Include="src\Vue\Composants\Grille\Curseur.h" />
    <ClInclude Include="src\Vue\Composants\Grille\FiltreCase.h" />
    <ClInclude Include="src\Vue\Composants\Grille\InterfaceUnite.h" />
    <ClInclude Include="src\Vue\Composants\Grille\Unite.h" />
    <ClInclude Include="src\Vue\GameStates\Grille.h" />
    <ClInclude Include="src\Controleur\GameStates\MenuCombat\MenuAction.h" />
    <ClInclude Include="src\Controleur\GameStates\PlacementUnite.h" />
    <ClInclude Include="src\Vue\GameStates\PlacementUnite.h" />
    <ClInclude Include="src\Vue\Outils\TexteVariable.h" />
    <ClInclude Include="src\Vue\Composants\Grille\CurseurPlacement.h" />
    <ClInclude Include="src\Controleur\DonneeServeur.h" />
    <ClInclude Include="src\Controleur\GameStates\Menu\MenuPrincipal.h" />
    <ClInclude Include="src\Controleur\GameStates\Menu\NouvellePartie.h" />
    <ClInclude Include="src\Vue\GameStates\Menu\MenuPrincipal.h" />
    <ClInclude Include="src\Vue\GameStates\Menu\NouvellePartie.h" />
    <ClInclude Include="src\Vue\GameStates\Menu\RejoindrePartie.h" />
    <ClInclude Include="src\Controleur\GameStates\Menu\RejoindrePartie.h" />
    <ClInclude Include="src\Vue\GameStates\MenuChoixFond.h" />
    <ClInclude Include="src\Controleur\Reseaux.h" />
  </ItemGroup>
  <ItemGroup>
    <Image Include="..\..\Xoushangbeleg sprite\Carte.bmp" />
  </ItemGroup>
</Project>